{
  "pins" : [
    {
      "identity" : "swift-overture",
      "kind" : "remoteSourceControl",
      "location" : "https://github.com/pointfreeco/swift-overture.git",
      "state" : {
        "revision" : "7977acd7597f413717058acc1e080731249a1d7e",
        "version" : "0.5.0"
      }
    }
  ],
  "version" : 2
}
